<?xml version="1.0" encoding="utf-8"?>
<Project ToolsVersion="4.0" xmlns="http://schemas.microsoft.com/developer/msbuild/2003">
  <ItemGroup>
    <ApplicationDefinition Include="App.xaml" />
  </ItemGroup>
  <ItemGroup>
    <Page Include="MainWindow.xaml" />
    <Page Include="HomePage.xaml">
      <Filter>Pages</Filter>
    </Page>
  </ItemGroup>
  <ItemGroup>
    <Midl Include="MainWindow.idl" />
  </ItemGroup>
  <ItemGroup>
    <ClCompile Include="pch.cpp" />
    <ClCompile Include="$(GeneratedFilesDir)module.g.cpp" />
  </ItemGroup>
  <ItemGroup>
    <ClInclude Include="pch.h" />
    <ClInclude Include="resource.h" />
  </ItemGroup>
  <ItemGroup>
    <Image Include="Assets\Characters\爱莉希雅\MaidCyrene.4096\texture_00.png">
      <Filter>Assets\Characters\爱莉希雅\MaidCyrene.4096</Filter>
    </Image>
    <Image Include="Assets\Characters\爱莉希雅\MaidCyrene.4096\texture_01.png">
      <Filter>Assets\Characters\爱莉希雅\MaidCyrene.4096</Filter>
    </Image>
    <Image Include="Assets\Characters\爱莉希雅\MaidCyrene.4096\texture_02.png">
      <Filter>Assets\Characters\爱莉希雅\MaidCyrene.4096</Filter>
    </Image>
    <Image Include="Assets\Characters\爱莉希雅\MaidCyrene.4096\texture_03.png">
      <Filter>Assets\Characters\爱莉希雅\MaidCyrene.4096</Filter>
    </Image>
    <Image Include="Assets\Characters\爱莉希雅\MaidCyrene.4096\texture_04.png">
      <Filter>Assets\Characters\爱莉希雅\MaidCyrene.4096</Filter>
    </Image>
    <Image Include="Assets\SplashScreen.scale-200.png">
      <Filter>Assets</Filter>
    </Image>
    <Image Include="Assets\Square44x44Logo.scale-200.png">
      <Filter>Assets</Filter>
    </Image>
    <Image Include="Assets\Square44x44Logo.targetsize-24_altform-unplated.png">
      <Filter>Assets</Filter>
    </Image>
    <Image Include="Assets\Square150x150Logo.scale-200.png">
      <Filter>Assets</Filter>
    </Image>
    <Image Include="Assets\StoreLogo.png">
      <Filter>Assets</Filter>
    </Image>
    <Image Include="Assets\Wide310x150Logo.scale-200.png">
      <Filter>Assets</Filter>
    </Image>
    <Image Include="Assets\LockScreenLogo.scale-200.png">
      <Filter>Assets</Filter>
    </Image>
  </ItemGroup>
  <ItemGroup>
    <Filter Include="Assets">
      <UniqueIdentifier>{8dc0c85c-4f0c-4695-87e6-96dad4e99a9a}</UniqueIdentifier>
    </Filter>
    <Filter Include="Pages">
      <UniqueIdentifier>{3722470e-0405-457f-867f-8c63592dd7e1}</UniqueIdentifier>
    </Filter>
    <Filter Include="Services">
      <UniqueIdentifier>{19588683-3866-49f4-b843-18468ed7ab70}</UniqueIdentifier>
    </Filter>
    <Filter Include="Components">
      <UniqueIdentifier>{c86a3564-7a25-4116-8325-edf124ac9873}</UniqueIdentifier>
    </Filter>
    <Filter Include="Modules">
      <UniqueIdentifier>{ec5a39d6-1d22-4e45-92b9-fe01c222dd38}</UniqueIdentifier>
    </Filter>
    <Filter Include="Assets\Characters">
      <UniqueIdentifier>{d153d7ae-b27d-4cfb-8fde-5ec944d06de4}</UniqueIdentifier>
    </Filter>
    <Filter Include="Assets\Characters\爱莉希雅">
      <UniqueIdentifier>{714858c1-c17f-4e83-89e6-be182fac48f1}</UniqueIdentifier>
    </Filter>
    <Filter Include="Assets\Characters\爱莉希雅\MaidCyrene.4096">
      <UniqueIdentifier>{2e2a241c-91b6-485d-8409-316533852795}</UniqueIdentifier>
    </Filter>
  </ItemGroup>
  <ItemGroup>
    <Text Include="readme.txt" />
  </ItemGroup>
  <ItemGroup>
    <Manifest Include="app.manifest" />
  </ItemGroup>
  <ItemGroup>
    <AppxManifest Include="Package.appxmanifest" />
  </ItemGroup>
  <ItemGroup>
    <None Include="packages.config" />
    <None Include="Assets\Characters\爱莉希雅\MaidCyrene.cdi3.json">
      <Filter>Assets\Characters\爱莉希雅</Filter>
    </None>
    <None Include="Assets\Characters\爱莉希雅\MaidCyrene.moc3">
      <Filter>Assets\Characters\爱莉希雅</Filter>
    </None>
    <None Include="Assets\Characters\爱莉希雅\MaidCyrene.model3.json">
      <Filter>Assets\Characters\爱莉希雅</Filter>
    </None>
    <None Include="Assets\Characters\爱莉希雅\MaidCyrene.physics3.json">
      <Filter>Assets\Characters\爱莉希雅</Filter>
    </None>
  </ItemGroup>
  <ItemGroup>
    <Natvis Include="$(MSBuildThisFileDirectory)..\..\natvis\wil.natvis" />
    <Natvis Include="$(MSBuildThisFileDirectory)..\..\natvis\wil.natstepfilter" />
  </ItemGroup>
  <ItemGroup>
    <ResourceCompile Include="HSC Studio.rc" />
  </ItemGroup>
</Project>